// !$*UTF8*$!
{
	archiveVersion = 1;
	classes = {
	};
	objectVersion = 46;
	objects = {

/* Begin PBXBuildFile section */
		3F21994D273287C33CD908D5 /* libPods.a in Frameworks */ = {isa = PBXBuildFile; fileRef = 9FEE29070A4A084D85FE1A1D /* libPods.a */; };
		771424621BFE246E007002B4 /* main.m in Sources */ = {isa = PBXBuildFile; fileRef = 771424611BFE246E007002B4 /* main.m */; };
		771424651BFE246E007002B4 /* AppDelegate.m in Sources */ = {isa = PBXBuildFile; fileRef = 771424641BFE246E007002B4 /* AppDelegate.m */; };
		7714246D1BFE246E007002B4 /* Assets.xcassets in Resources */ = {isa = PBXBuildFile; fileRef = 7714246C1BFE246E007002B4 /* Assets.xcassets */; };
		7730E1701C1967CE004B6161 /* YHBNimbusTableViewController.m in Sources */ = {isa = PBXBuildFile; fileRef = 7730E15F1C1967CE004B6161 /* YHBNimbusTableViewController.m */; };
		7730E1711C1967CE004B6161 /* YHBTableViewController.m in Sources */ = {isa = PBXBuildFile; fileRef = 7730E1611C1967CE004B6161 /* YHBTableViewController.m */; };
		7730E1721C1967CE004B6161 /* YHBaseViewController.m in Sources */ = {isa = PBXBuildFile; fileRef = 7730E1631C1967CE004B6161 /* YHBaseViewController.m */; };
		7730E1731C1967CE004B6161 /* UIView+Frame.m in Sources */ = {isa = PBXBuildFile; fileRef = 7730E1661C1967CE004B6161 /* UIView+Frame.m */; };
		7730E1741C1967CE004B6161 /* DebugListViewController.m in Sources */ = {isa = PBXBuildFile; fileRef = 7730E16C1C1967CE004B6161 /* DebugListViewController.m */; };
		7730E1751C1967CE004B6161 /* YHHomeViewController.m in Sources */ = {isa = PBXBuildFile; fileRef = 7730E16E1C1967CE004B6161 /* YHHomeViewController.m */; };
		7730E17B1C198DA3004B6161 /* Colours.m in Sources */ = {isa = PBXBuildFile; fileRef = 7730E17A1C198DA3004B6161 /* Colours.m */; };
		775F826E1C21919100B982F6 /* YHCellCatalog.m in Sources */ = {isa = PBXBuildFile; fileRef = 775F826B1C21919100B982F6 /* YHCellCatalog.m */; };
		775F826F1C21919100B982F6 /* YHSectionCellObject.m in Sources */ = {isa = PBXBuildFile; fileRef = 775F826D1C21919100B982F6 /* YHSectionCellObject.m */; };
		77A64E061C192784004A82F3 /* Launch Screen.storyboard in Resources */ = {isa = PBXBuildFile; fileRef = 77A64E051C192784004A82F3 /* Launch Screen.storyboard */; };
		77D73BB81C1A6E80000109A6 /* YHHttpResponse.m in Sources */ = {isa = PBXBuildFile; fileRef = 77D73BB71C1A6E80000109A6 /* YHHttpResponse.m */; };
		77D73BBB1C1A7088000109A6 /* YHHttpSessionManager.m in Sources */ = {isa = PBXBuildFile; fileRef = 77D73BBA1C1A7088000109A6 /* YHHttpSessionManager.m */; };
		77D73BC51C1AACA2000109A6 /* DebugHttpModel.m in Sources */ = {isa = PBXBuildFile; fileRef = 77D73BC41C1AACA2000109A6 /* DebugHttpModel.m */; };
		77FADDF61C5B4CCC00807CF7 /* DebugSectionViewController.m in Sources */ = {isa = PBXBuildFile; fileRef = 77FADDF51C5B4CCC00807CF7 /* DebugSectionViewController.m */; };
/* End PBXBuildFile section */

/* Begin PBXFileReference section */
		2F8229856C519739EC80128D /* Pods.release.xcconfig */ = {isa = PBXFileReference; includeInIndex = 1; lastKnownFileType = text.xcconfig; name = Pods.release.xcconfig; path = "Pods/Target Support Files/Pods/Pods.release.xcconfig"; sourceTree = "<group>"; };
		7714245D1BFE246E007002B4 /* Oscar.app */ = {isa = PBXFileReference; explicitFileType = wrapper.application; includeInIndex = 0; path = Oscar.app; sourceTree = BUILT_PRODUCTS_DIR; };
		771424611BFE246E007002B4 /* main.m */ = {isa = PBXFileReference; lastKnownFileType = sourcecode.c.objc; path = main.m; sourceTree = "<group>"; };
		771424631BFE246E007002B4 /* AppDelegate.h */ = {isa = PBXFileReference; lastKnownFileType = sourcecode.c.h; path = AppDelegate.h; sourceTree = "<group>"; };
		771424641BFE246E007002B4 /* AppDelegate.m */ = {isa = PBXFileReference; lastKnownFileType = sourcecode.c.objc; path = AppDelegate.m; sourceTree = "<group>"; };
		7714246C1BFE246E007002B4 /* Assets.xcassets */ = {isa = PBXFileReference; lastKnownFileType = folder.assetcatalog; path = Assets.xcassets; sourceTree = "<group>"; };
		771424711BFE246E007002B4 /* Info.plist */ = {isa = PBXFileReference; lastKnownFileType = text.plist.xml; path = Info.plist; sourceTree = "<group>"; };
		7730E15E1C1967CE004B6161 /* YHBNimbusTableViewController.h */ = {isa = PBXFileReference; fileEncoding = 4; lastKnownFileType = sourcecode.c.h; path = YHBNimbusTableViewController.h; sourceTree = "<group>"; };
		7730E15F1C1967CE004B6161 /* YHBNimbusTableViewController.m */ = {isa = PBXFileReference; fileEncoding = 4; lastKnownFileType = sourcecode.c.objc; path = YHBNimbusTableViewController.m; sourceTree = "<group>"; };
		7730E1601C1967CE004B6161 /* YHBTableViewController.h */ = {isa = PBXFileReference; fileEncoding = 4; lastKnownFileType = sourcecode.c.h; path = YHBTableViewController.h; sourceTree = "<group>"; };
		7730E1611C1967CE004B6161 /* YHBTableViewController.m */ = {isa = PBXFileReference; fileEncoding = 4; lastKnownFileType = sourcecode.c.objc; path = YHBTableViewController.m; sourceTree = "<group>"; };
		7730E1621C1967CE004B6161 /* YHBaseViewController.h */ = {isa = PBXFileReference; fileEncoding = 4; lastKnownFileType = sourcecode.c.h; path = YHBaseViewController.h; sourceTree = "<group>"; };
		7730E1631C1967CE004B6161 /* YHBaseViewController.m */ = {isa = PBXFileReference; fileEncoding = 4; lastKnownFileType = sourcecode.c.objc; path = YHBaseViewController.m; sourceTree = "<group>"; };
		7730E1651C1967CE004B6161 /* UIView+Frame.h */ = {isa = PBXFileReference; fileEncoding = 4; lastKnownFileType = sourcecode.c.h; path = "UIView+Frame.h"; sourceTree = "<group>"; };
		7730E1661C1967CE004B6161 /* UIView+Frame.m */ = {isa = PBXFileReference; fileEncoding = 4; lastKnownFileType = sourcecode.c.objc; path = "UIView+Frame.m"; sourceTree = "<group>"; };
		7730E16B1C1967CE004B6161 /* DebugListViewController.h */ = {isa = PBXFileReference; fileEncoding = 4; lastKnownFileType = sourcecode.c.h; path = DebugListViewController.h; sourceTree = "<group>"; };
		7730E16C1C1967CE004B6161 /* DebugListViewController.m */ = {isa = PBXFileReference; fileEncoding = 4; lastKnownFileType = sourcecode.c.objc; path = DebugListViewController.m; sourceTree = "<group>"; };
		7730E16D1C1967CE004B6161 /* YHHomeViewController.h */ = {isa = PBXFileReference; fileEncoding = 4; lastKnownFileType = sourcecode.c.h; path = YHHomeViewController.h; sourceTree = "<group>"; };
		7730E16E1C1967CE004B6161 /* YHHomeViewController.m */ = {isa = PBXFileReference; fileEncoding = 4; lastKnownFileType = sourcecode.c.objc; path = YHHomeViewController.m; sourceTree = "<group>"; };
		7730E1791C198DA3004B6161 /* Colours.h */ = {isa = PBXFileReference; fileEncoding = 4; lastKnownFileType = sourcecode.c.h; path = Colours.h; sourceTree = "<group>"; };
		7730E17A1C198DA3004B6161 /* Colours.m */ = {isa = PBXFileReference; fileEncoding = 4; lastKnownFileType = sourcecode.c.objc; path = Colours.m; sourceTree = "<group>"; };
		775F826A1C21919100B982F6 /* YHCellCatalog.h */ = {isa = PBXFileReference; fileEncoding = 4; lastKnownFileType = sourcecode.c.h; path = YHCellCatalog.h; sourceTree = "<group>"; };
		775F826B1C21919100B982F6 /* YHCellCatalog.m */ = {isa = PBXFileReference; fileEncoding = 4; lastKnownFileType = sourcecode.c.objc; path = YHCellCatalog.m; sourceTree = "<group>"; };
		775F826C1C21919100B982F6 /* YHSectionCellObject.h */ = {isa = PBXFileReference; fileEncoding = 4; lastKnownFileType = sourcecode.c.h; path = YHSectionCellObject.h; sourceTree = "<group>"; };
		775F826D1C21919100B982F6 /* YHSectionCellObject.m */ = {isa = PBXFileReference; fileEncoding = 4; lastKnownFileType = sourcecode.c.objc; path = YHSectionCellObject.m; sourceTree = "<group>"; };
		779E58D51C194FDD00092118 /* Macro.h */ = {isa = PBXFileReference; fileEncoding = 4; lastKnownFileType = sourcecode.c.h; path = Macro.h; sourceTree = "<group>"; };
		77A64E021C19235B004A82F3 /* Oscar-PrefixHeader.pch */ = {isa = PBXFileReference; fileEncoding = 4; lastKnownFileType = sourcecode.c.h; path = "Oscar-PrefixHeader.pch"; sourceTree = "<group>"; };
		77A64E051C192784004A82F3 /* Launch Screen.storyboard */ = {isa = PBXFileReference; fileEncoding = 4; lastKnownFileType = file.storyboard; path = "Launch Screen.storyboard"; sourceTree = "<group>"; };
		77D73BB61C1A6E80000109A6 /* YHHttpResponse.h */ = {isa = PBXFileReference; fileEncoding = 4; lastKnownFileType = sourcecode.c.h; path = YHHttpResponse.h; sourceTree = "<group>"; };
		77D73BB71C1A6E80000109A6 /* YHHttpResponse.m */ = {isa = PBXFileReference; fileEncoding = 4; lastKnownFileType = sourcecode.c.objc; path = YHHttpResponse.m; sourceTree = "<group>"; };
		77D73BB91C1A7088000109A6 /* YHHttpSessionManager.h */ = {isa = PBXFileReference; fileEncoding = 4; lastKnownFileType = sourcecode.c.h; path = YHHttpSessionManager.h; sourceTree = "<group>"; };
		77D73BBA1C1A7088000109A6 /* YHHttpSessionManager.m */ = {isa = PBXFileReference; fileEncoding = 4; lastKnownFileType = sourcecode.c.objc; path = YHHttpSessionManager.m; sourceTree = "<group>"; };
		77D73BC11C1AA906000109A6 /* MacroUrls.h */ = {isa = PBXFileReference; fileEncoding = 4; lastKnownFileType = sourcecode.c.h; path = MacroUrls.h; sourceTree = "<group>"; };
		77D73BC31C1AACA2000109A6 /* DebugHttpModel.h */ = {isa = PBXFileReference; fileEncoding = 4; lastKnownFileType = sourcecode.c.h; path = DebugHttpModel.h; sourceTree = "<group>"; };
		77D73BC41C1AACA2000109A6 /* DebugHttpModel.m */ = {isa = PBXFileReference; fileEncoding = 4; lastKnownFileType = sourcecode.c.objc; path = DebugHttpModel.m; sourceTree = "<group>"; };
		77FADDF41C5B4CCB00807CF7 /* DebugSectionViewController.h */ = {isa = PBXFileReference; fileEncoding = 4; lastKnownFileType = sourcecode.c.h; path = DebugSectionViewController.h; sourceTree = "<group>"; };
		77FADDF51C5B4CCC00807CF7 /* DebugSectionViewController.m */ = {isa = PBXFileReference; fileEncoding = 4; lastKnownFileType = sourcecode.c.objc; path = DebugSectionViewController.m; sourceTree = "<group>"; };
		9FEE29070A4A084D85FE1A1D /* libPods.a */ = {isa = PBXFileReference; explicitFileType = archive.ar; includeInIndex = 0; path = libPods.a; sourceTree = BUILT_PRODUCTS_DIR; };
		C83DA41F36485FD7A008A427 /* Pods.debug.xcconfig */ = {isa = PBXFileReference; includeInIndex = 1; lastKnownFileType = text.xcconfig; name = Pods.debug.xcconfig; path = "Pods/Target Support Files/Pods/Pods.debug.xcconfig"; sourceTree = "<group>"; };
/* End PBXFileReference section */

/* Begin PBXFrameworksBuildPhase section */
		7714245A1BFE246E007002B4 /* Frameworks */ = {
			isa = PBXFrameworksBuildPhase;
			buildActionMask = 2147483647;
			files = (
				3F21994D273287C33CD908D5 /* libPods.a in Frameworks */,
			);
			runOnlyForDeploymentPostprocessing = 0;
		};
/* End PBXFrameworksBuildPhase section */

/* Begin PBXGroup section */
		771424541BFE246E007002B4 = {
			isa = PBXGroup;
			children = (
				7714245F1BFE246E007002B4 /* Oscar */,
				7714245E1BFE246E007002B4 /* Products */,
				D7E6F1DD009CD36EEE0DD0F8 /* Pods */,
				A1A9A8D6AA44DBF8101296A5 /* Frameworks */,
			);
			sourceTree = "<group>";
		};
		7714245E1BFE246E007002B4 /* Products */ = {
			isa = PBXGroup;
			children = (
				7714245D1BFE246E007002B4 /* Oscar.app */,
			);
			name = Products;
			sourceTree = "<group>";
		};
		7714245F1BFE246E007002B4 /* Oscar */ = {
			isa = PBXGroup;
			children = (
				771424631BFE246E007002B4 /* AppDelegate.h */,
				771424641BFE246E007002B4 /* AppDelegate.m */,
				7730E1571C1967CE004B6161 /* Class */,
				779E58EC1C195AE200092118 /* Resouces */,
				771424601BFE246E007002B4 /* Supporting Files */,
				77A64E081C1928A9004A82F3 /* Vendor */,
			);
			path = Oscar;
			sourceTree = "<group>";
		};
		771424601BFE246E007002B4 /* Supporting Files */ = {
			isa = PBXGroup;
			children = (
				77A64E021C19235B004A82F3 /* Oscar-PrefixHeader.pch */,
				779E58D51C194FDD00092118 /* Macro.h */,
				77D73BC11C1AA906000109A6 /* MacroUrls.h */,
				7714246C1BFE246E007002B4 /* Assets.xcassets */,
				771424711BFE246E007002B4 /* Info.plist */,
				771424611BFE246E007002B4 /* main.m */,
				77A64E051C192784004A82F3 /* Launch Screen.storyboard */,
			);
			name = "Supporting Files";
			sourceTree = "<group>";
		};
		7730E1571C1967CE004B6161 /* Class */ = {
			isa = PBXGroup;
			children = (
				7730E1581C1967CE004B6161 /* BaseClass */,
				7730E1641C1967CE004B6161 /* Category */,
				7730E1671C1967CE004B6161 /* Model */,
				7730E1681C1967CE004B6161 /* Module */,
			);
			path = Class;
			sourceTree = "<group>";
		};
		7730E1581C1967CE004B6161 /* BaseClass */ = {
			isa = PBXGroup;
			children = (
				775F82691C21919100B982F6 /* TableViewCell */,
				7730E1591C1967CE004B6161 /* BaseController */,
			);
			path = BaseClass;
			sourceTree = "<group>";
		};
		7730E1591C1967CE004B6161 /* BaseController */ = {
			isa = PBXGroup;
			children = (
				7730E15D1C1967CE004B6161 /* TableViewController */,
				7730E1621C1967CE004B6161 /* YHBaseViewController.h */,
				7730E1631C1967CE004B6161 /* YHBaseViewController.m */,
			);
			path = BaseController;
			sourceTree = "<group>";
		};
		7730E15D1C1967CE004B6161 /* TableViewController */ = {
			isa = PBXGroup;
			children = (
				7730E15E1C1967CE004B6161 /* YHBNimbusTableViewController.h */,
				7730E15F1C1967CE004B6161 /* YHBNimbusTableViewController.m */,
				7730E1601C1967CE004B6161 /* YHBTableViewController.h */,
				7730E1611C1967CE004B6161 /* YHBTableViewController.m */,
			);
			path = TableViewController;
			sourceTree = "<group>";
		};
		7730E1641C1967CE004B6161 /* Category */ = {
			isa = PBXGroup;
			children = (
				7730E1651C1967CE004B6161 /* UIView+Frame.h */,
				7730E1661C1967CE004B6161 /* UIView+Frame.m */,
				7730E1791C198DA3004B6161 /* Colours.h */,
				7730E17A1C198DA3004B6161 /* Colours.m */,
			);
			path = Category;
			sourceTree = "<group>";
		};
		7730E1671C1967CE004B6161 /* Model */ = {
			isa = PBXGroup;
			children = (
				77D73BB51C1A6DD4000109A6 /* HttpRequestManager */,
			);
			path = Model;
			sourceTree = "<group>";
		};
		7730E1681C1967CE004B6161 /* Module */ = {
			isa = PBXGroup;
			children = (
				7730E1691C1967CE004B6161 /* Home */,
			);
			path = Module;
			sourceTree = "<group>";
		};
		7730E1691C1967CE004B6161 /* Home */ = {
			isa = PBXGroup;
			children = (
				7730E16A1C1967CE004B6161 /* DebugFunction */,
				7730E16D1C1967CE004B6161 /* YHHomeViewController.h */,
				7730E16E1C1967CE004B6161 /* YHHomeViewController.m */,
			);
			path = Home;
			sourceTree = "<group>";
		};
		7730E16A1C1967CE004B6161 /* DebugFunction */ = {
			isa = PBXGroup;
			children = (
				77D73BC21C1AACA2000109A6 /* Model */,
				7730E16B1C1967CE004B6161 /* DebugListViewController.h */,
				7730E16C1C1967CE004B6161 /* DebugListViewController.m */,
				77FADDF41C5B4CCB00807CF7 /* DebugSectionViewController.h */,
				77FADDF51C5B4CCC00807CF7 /* DebugSectionViewController.m */,
			);
			path = DebugFunction;
			sourceTree = "<group>";
		};
		775F82691C21919100B982F6 /* TableViewCell */ = {
			isa = PBXGroup;
			children = (
				775F826A1C21919100B982F6 /* YHCellCatalog.h */,
				775F826B1C21919100B982F6 /* YHCellCatalog.m */,
				775F826C1C21919100B982F6 /* YHSectionCellObject.h */,
				775F826D1C21919100B982F6 /* YHSectionCellObject.m */,
			);
			path = TableViewCell;
			sourceTree = "<group>";
		};
		779E58EC1C195AE200092118 /* Resouces */ = {
			isa = PBXGroup;
			children = (
				779E58ED1C195AE200092118 /* Images */,
			);
			path = Resouces;
			sourceTree = "<group>";
		};
		779E58ED1C195AE200092118 /* Images */ = {
			isa = PBXGroup;
			children = (
				779E58EE1C195AE200092118 /* TableBar */,
			);
			path = Images;
			sourceTree = "<group>";
		};
		779E58EE1C195AE200092118 /* TableBar */ = {
			isa = PBXGroup;
			children = (
			);
			path = TableBar;
			sourceTree = "<group>";
		};
		77A64E081C1928A9004A82F3 /* Vendor */ = {
			isa = PBXGroup;
			children = (
			);
			path = Vendor;
			sourceTree = "<group>";
		};
		77D73BB51C1A6DD4000109A6 /* HttpRequestManager */ = {
			isa = PBXGroup;
			children = (
				77D73BB61C1A6E80000109A6 /* YHHttpResponse.h */,
				77D73BB71C1A6E80000109A6 /* YHHttpResponse.m */,
				77D73BB91C1A7088000109A6 /* YHHttpSessionManager.h */,
				77D73BBA1C1A7088000109A6 /* YHHttpSessionManager.m */,
			);
			path = HttpRequestManager;
			sourceTree = "<group>";
		};
		77D73BC21C1AACA2000109A6 /* Model */ = {
			isa = PBXGroup;
			children = (
				77D73BC31C1AACA2000109A6 /* DebugHttpModel.h */,
				77D73BC41C1AACA2000109A6 /* DebugHttpModel.m */,
			);
			path = Model;
			sourceTree = "<group>";
		};
		A1A9A8D6AA44DBF8101296A5 /* Frameworks */ = {
			isa = PBXGroup;
			children = (
				9FEE29070A4A084D85FE1A1D /* libPods.a */,
			);
			name = Frameworks;
			sourceTree = "<group>";
		};
		D7E6F1DD009CD36EEE0DD0F8 /* Pods */ = {
			isa = PBXGroup;
			children = (
				C83DA41F36485FD7A008A427 /* Pods.debug.xcconfig */,
				2F8229856C519739EC80128D /* Pods.release.xcconfig */,
			);
			name = Pods;
			sourceTree = "<group>";
		};
/* End PBXGroup section */

/* Begin PBXNativeTarget section */
		7714245C1BFE246E007002B4 /* Oscar */ = {
			isa = PBXNativeTarget;
			buildConfigurationList = 7714248A1BFE246F007002B4 /* Build configuration list for PBXNativeTarget "Oscar" */;
			buildPhases = (
				01EA59A4D20C193AF792B8D0 /* Check Pods Manifest.lock */,
				771424591BFE246E007002B4 /* Sources */,
				7714245A1BFE246E007002B4 /* Frameworks */,
				7714245B1BFE246E007002B4 /* Resources */,
				022CF4AEB69B91FF28FD9FAF /* Embed Pods Frameworks */,
				29100E1BE7D8DF092277C720 /* Copy Pods Resources */,
			);
			buildRules = (
			);
			dependencies = (
			);
			name = Oscar;
			productName = Oscar;
			productReference = 7714245D1BFE246E007002B4 /* Oscar.app */;
			productType = "com.apple.product-type.application";
		};
/* End PBXNativeTarget section */

/* Begin PBXProject section */
		771424551BFE246E007002B4 /* Project object */ = {
			isa = PBXProject;
			attributes = {
				LastUpgradeCheck = 0710;
				ORGANIZATIONNAME = yahui.zhang;
				TargetAttributes = {
					7714245C1BFE246E007002B4 = {
						CreatedOnToolsVersion = 7.1.1;
						DevelopmentTeam = MLHT46YYCF;
					};
				};
			};
			buildConfigurationList = 771424581BFE246E007002B4 /* Build configuration list for PBXProject "Oscar" */;
			compatibilityVersion = "Xcode 3.2";
			developmentRegion = English;
			hasScannedForEncodings = 0;
			knownRegions = (
				en,
				Base,
			);
			mainGroup = 771424541BFE246E007002B4;
			productRefGroup = 7714245E1BFE246E007002B4 /* Products */;
			projectDirPath = "";
			projectRoot = "";
			targets = (
				7714245C1BFE246E007002B4 /* Oscar */,
			);
		};
/* End PBXProject section */

/* Begin PBXResourcesBuildPhase section */
		7714245B1BFE246E007002B4 /* Resources */ = {
			isa = PBXResourcesBuildPhase;
			buildActionMask = 2147483647;
			files = (
				77A64E061C192784004A82F3 /* Launch Screen.storyboard in Resources */,
				7714246D1BFE246E007002B4 /* Assets.xcassets in Resources */,
			);
			runOnlyForDeploymentPostprocessing = 0;
		};
/* End PBXResourcesBuildPhase section */

/* Begin PBXShellScriptBuildPhase section */
		01EA59A4D20C193AF792B8D0 /* Check Pods Manifest.lock */ = {
			isa = PBXShellScriptBuildPhase;
			buildActionMask = 2147483647;
			files = (
			);
			inputPaths = (
			);
			name = "Check Pods Manifest.lock";
			outputPaths = (
			);
			runOnlyForDeploymentPostprocessing = 0;
			shellPath = /bin/sh;
			shellScript = "diff \"${PODS_ROOT}/../Podfile.lock\" \"${PODS_ROOT}/Manifest.lock\" > /dev/null\nif [[ $? != 0 ]] ; then\n    cat << EOM\nerror: The sandbox is not in sync with the Podfile.lock. Run 'pod install' or update your CocoaPods installation.\nEOM\n    exit 1\nfi\n";
			showEnvVarsInLog = 0;
		};
		022CF4AEB69B91FF28FD9FAF /* Embed Pods Frameworks */ = {
			isa = PBXShellScriptBuildPhase;
			buildActionMask = 2147483647;
			files = (
			);
			inputPaths = (
			);
			name = "Embed Pods Frameworks";
			outputPaths = (
			);
			runOnlyForDeploymentPostprocessing = 0;
			shellPath = /bin/sh;
			shellScript = "\"${SRCROOT}/Pods/Target Support Files/Pods/Pods-frameworks.sh\"\n";
			showEnvVarsInLog = 0;
		};
		29100E1BE7D8DF092277C720 /* Copy Pods Resources */ = {
			isa = PBXShellScriptBuildPhase;
			buildActionMask = 2147483647;
			files = (
			);
			inputPaths = (
			);
			name = "Copy Pods Resources";
			outputPaths = (
			);
			runOnlyForDeploymentPostprocessing = 0;
			shellPath = /bin/sh;
			shellScript = "\"${SRCROOT}/Pods/Target Support Files/Pods/Pods-resources.sh\"\n";
			showEnvVarsInLog = 0;
		};
/* End PBXShellScriptBuildPhase section */

/* Begin PBXSourcesBuildPhase section */
		771424591BFE246E007002B4 /* Sources */ = {
			isa = PBXSourcesBuildPhase;
			buildActionMask = 2147483647;
			files = (
				771424651BFE246E007002B4 /* AppDelegate.m in Sources */,
				771424621BFE246E007002B4 /* main.m in Sources */,
				77D73BBB1C1A7088000109A6 /* YHHttpSessionManager.m in Sources */,
				7730E1731C1967CE004B6161 /* UIView+Frame.m in Sources */,
				7730E1701C1967CE004B6161 /* YHBNimbusTableViewController.m in Sources */,
				7730E1751C1967CE004B6161 /* YHHomeViewController.m in Sources */,
				77D73BB81C1A6E80000109A6 /* YHHttpResponse.m in Sources */,
				7730E17B1C198DA3004B6161 /* Colours.m in Sources */,
				77D73BC51C1AACA2000109A6 /* DebugHttpModel.m in Sources */,
				775F826F1C21919100B982F6 /* YHSectionCellObject.m in Sources */,
				7730E1721C1967CE004B6161 /* YHBaseViewController.m in Sources */,
				7730E1741C1967CE004B6161 /* DebugListViewController.m in Sources */,
				7730E1711C1967CE004B6161 /* YHBTableViewController.m in Sources */,
				775F826E1C21919100B982F6 /* YHCellCatalog.m in Sources */,
				77FADDF61C5B4CCC00807CF7 /* DebugSectionViewController.m in Sources */,
			);
			runOnlyForDeploymentPostprocessing = 0;
		};
/* End PBXSourcesBuildPhase section */

/* Begin XCBuildConfiguration section */
		771424881BFE246F007002B4 /* Debug */ = {
			isa = XCBuildConfiguration;
			buildSettings = {
				ALWAYS_SEARCH_USER_PATHS = NO;
				CLANG_CXX_LANGUAGE_STANDARD = "gnu++0x";
				CLANG_CXX_LIBRARY = "libc++";
				CLANG_ENABLE_MODULES = YES;
				CLANG_ENABLE_OBJC_ARC = YES;
				CLANG_WARN_BOOL_CONVERSION = YES;
				CLANG_WARN_CONSTANT_CONVERSION = YES;
				CLANG_WARN_DIRECT_OBJC_ISA_USAGE = YES_ERROR;
				CLANG_WARN_EMPTY_BODY = YES;
				CLANG_WARN_ENUM_CONVERSION = YES;
				CLANG_WARN_INT_CONVERSION = YES;
				CLANG_WARN_OBJC_ROOT_CLASS = YES_ERROR;
				CLANG_WARN_UNREACHABLE_CODE = YES;
				CLANG_WARN__DUPLICATE_METHOD_MATCH = YES;
				"CODE_SIGN_IDENTITY[sdk=iphoneos*]" = "iPhone Developer";
				COPY_PHASE_STRIP = NO;
				DEBUG_INFORMATION_FORMAT = dwarf;
				ENABLE_STRICT_OBJC_MSGSEND = YES;
				ENABLE_TESTABILITY = YES;
				GCC_C_LANGUAGE_STANDARD = gnu99;
				GCC_DYNAMIC_NO_PIC = NO;
				GCC_NO_COMMON_BLOCKS = YES;
				GCC_OPTIMIZATION_LEVEL = 0;
				GCC_PREPROCESSOR_DEFINITIONS = (
					"DEBUG=1",
					"$(inherited)",
				);
				GCC_WARN_64_TO_32_BIT_CONVERSION = YES;
				GCC_WARN_ABOUT_RETURN_TYPE = YES_ERROR;
				GCC_WARN_UNDECLARED_SELECTOR = YES;
				GCC_WARN_UNINITIALIZED_AUTOS = YES_AGGRESSIVE;
				GCC_WARN_UNUSED_FUNCTION = YES;
				GCC_WARN_UNUSED_VARIABLE = YES;
				IPHONEOS_DEPLOYMENT_TARGET = 9.1;
				MTL_ENABLE_DEBUG_INFO = YES;
				ONLY_ACTIVE_ARCH = YES;
				SDKROOT = iphoneos;
				TARGETED_DEVICE_FAMILY = "1,2";
			};
			name = Debug;
		};
		771424891BFE246F007002B4 /* Release */ = {
			isa = XCBuildConfiguration;
			buildSettings = {
				ALWAYS_SEARCH_USER_PATHS = NO;
				CLANG_CXX_LANGUAGE_STANDARD = "gnu++0x";
				CLANG_CXX_LIBRARY = "libc++";
				CLANG_ENABLE_MODULES = YES;
				CLANG_ENABLE_OBJC_ARC = YES;
				CLANG_WARN_BOOL_CONVERSION = YES;
				CLANG_WARN_CONSTANT_CONVERSION = YES;
				CLANG_WARN_DIRECT_OBJC_ISA_USAGE = YES_ERROR;
				CLANG_WARN_EMPTY_BODY = YES;
				CLANG_WARN_ENUM_CONVERSION = YES;
				CLANG_WARN_INT_CONVERSION = YES;
				CLANG_WARN_OBJC_ROOT_CLASS = YES_ERROR;
				CLANG_WARN_UNREACHABLE_CODE = YES;
				CLANG_WARN__DUPLICATE_METHOD_MATCH = YES;
				"CODE_SIGN_IDENTITY[sdk=iphoneos*]" = "iPhone Developer";
				COPY_PHASE_STRIP = NO;
				DEBUG_INFORMATION_FORMAT = "dwarf-with-dsym";
				ENABLE_NS_ASSERTIONS = NO;
				ENABLE_STRICT_OBJC_MSGSEND = YES;
				GCC_C_LANGUAGE_STANDARD = gnu99;
				GCC_NO_COMMON_BLOCKS = YES;
				GCC_WARN_64_TO_32_BIT_CONVERSION = YES;
				GCC_WARN_ABOUT_RETURN_TYPE = YES_ERROR;
				GCC_WARN_UNDECLARED_SELECTOR = YES;
				GCC_WARN_UNINITIALIZED_AUTOS = YES_AGGRESSIVE;
				GCC_WARN_UNUSED_FUNCTION = YES;
				GCC_WARN_UNUSED_VARIABLE = YES;
				IPHONEOS_DEPLOYMENT_TARGET = 9.1;
				MTL_ENABLE_DEBUG_INFO = NO;
				SDKROOT = iphoneos;
				TARGETED_DEVICE_FAMILY = "1,2";
				VALIDATE_PRODUCT = YES;
			};
			name = Release;
		};
		7714248B1BFE246F007002B4 /* Debug */ = {
			isa = XCBuildConfiguration;
			baseConfigurationReference = C83DA41F36485FD7A008A427 /* Pods.debug.xcconfig */;
			buildSettings = {
				ASSETCATALOG_COMPILER_APPICON_NAME = AppIcon;
				GCC_PREFIX_HEADER = "$(SRCROOT)/Oscar/Oscar-PrefixHeader.pch";
				INFOPLIST_FILE = Oscar/Info.plist;
				LD_RUNPATH_SEARCH_PATHS = "$(inherited) @executable_path/Frameworks";
				PRODUCT_BUNDLE_IDENTIFIER = mtime.com.Oscar;
				PRODUCT_NAME = "$(TARGET_NAME)";
			};
			name = Debug;
		};
		7714248C1BFE246F007002B4 /* Release */ = {
			isa = XCBuildConfiguration;
			baseConfigurationReference = 2F8229856C519739EC80128D /* Pods.release.xcconfig */;
			buildSettings = {
				ASSETCATALOG_COMPILER_APPICON_NAME = AppIcon;
				GCC_PREFIX_HEADER = "$(SRCROOT)/Oscar/Oscar-PrefixHeader.pch";
				INFOPLIST_FILE = Oscar/Info.plist;
				LD_RUNPATH_SEARCH_PATHS = "$(inherited) @executable_path/Frameworks";
				PRODUCT_BUNDLE_IDENTIFIER = mtime.com.Oscar;
				PRODUCT_NAME = "$(TARGET_NAME)";
			};
			name = Release;
		};
/* End XCBuildConfiguration section */

/* Begin XCConfigurationList section */
		771424581BFE246E007002B4 /* Build configuration list for PBXProject "Oscar" */ = {
			isa = XCConfigurationList;
			buildConfigurations = (
				771424881BFE246F007002B4 /* Debug */,
				771424891BFE246F007002B4 /* Release */,
			);
			defaultConfigurationIsVisible = 0;
			defaultConfigurationName = Release;
		};
		7714248A1BFE246F007002B4 /* Build configuration list for PBXNativeTarget "Oscar" */ = {
			isa = XCConfigurationList;
			buildConfigurations = (
				7714248B1BFE246F007002B4 /* Debug */,
				7714248C1BFE246F007002B4 /* Release */,
			);
			defaultConfigurationIsVisible = 0;
			defaultConfigurationName = Release;
		};
/* End XCConfigurationList section */
	};
	rootObject = 771424551BFE246E007002B4 /* Project object */;
}
